# THIS IS AN AUTOGENERATED FILE. DO NOT EDIT THIS FILE DIRECTLY.
# yarn lockfile v1


"@candlelib/candle@*":
  version "1.0.1"
  resolved "https://registry.yarnpkg.com/@candlelib/candle/-/cfw-1.0.1.tgz#218f5f749b184e3e85f27cb7ef956d5102113c33"
  integrity sha512-QEXevej8BFOQ3CyYM49qccZp1iLJm+Wg0XEt6zyQiOwzD/1ThUFyviJrjMAsklc9mmLB8/uXO0N1NYEPzlK6NA==

"@candlelib/conflagrate@*":
  version "0.1.1"
  resolved "https://registry.yarnpkg.com/@candlelib/conflagrate/-/conflagrate-0.1.1.tgz#736ac21a8eb2ca45239ff194fc386318fb1595eb"
  integrity sha512-rP3xi4x41+Uthfe81uubyZ39yqe6R9JFg+tNsGXeyJHz3C/SkYbhKOIWlQjj+MhrNvFIwsQHTsgNbDOggNVfqw==
  dependencies:
    "@candlelib/url" "*"
    "@candlelib/wind" "*"

"@candlelib/css@*":
  version "0.2.7"
  resolved "https://registry.yarnpkg.com/@candlelib/css/-/css-0.2.7.tgz#77b466c6f4743c0edec3d6e4af499f9553a14b03"
  integrity sha512-taJmKSqcUq+e0QnPAvV76VLjvxjQD/FetFzVdgRuMdD7v3xHzkazMRGIx53PNiOliSJ9SrYVBxv6/10VyrZbTw==
  dependencies:
    "@candlelib/conflagrate" "*"
    "@candlelib/hydrocarbon" "*"

"@candlelib/glow@*":
  version "0.3.0"
  resolved "https://registry.yarnpkg.com/@candlelib/glow/-/glow-0.3.0.tgz#d9b38843f0fccd60670a505a8a3758ba3a1ea6f1"
  integrity sha512-cVJ9fbBz+5kR9rx93aP0v9XQAGWZ3FRuNY8Wj6wZc6V47bseCXSaRswQVt6UeWO/tW/vZTAMsw+VW+qptwUGBA==
  dependencies:
    "@candlelib/candle" "*"
    "@candlelib/css" "*"
    "@candlelib/spark" "*"

"@candlelib/html@*":
  version "0.1.1"
  resolved "https://registry.yarnpkg.com/@candlelib/html/-/html-0.1.1.tgz#be350fafa7f4afba11f0888554c1244cb3ff0906"
  integrity sha512-Au96qlELJ39q3TAcRjoTX2w/WQTFX+bLdfqKHN2DjW746lV72VQd2cuj55w5eNImEiga9QTvGsJZPLEnUa9ONA==
  dependencies:
    "@candlelib/url" "*"
    "@candlelib/wind" "*"

"@candlelib/hydrocarbon@*":
  version "0.6.0"
  resolved "https://registry.yarnpkg.com/@candlelib/hydrocarbon/-/hydrocarbon-0.6.0.tgz#a9f7f68889523be73a356288969ae67751fa46be"
  integrity sha512-v8U8oMnHZHoSiehwaRuO3l4LCSVYYUOYRbRGi/Bo6Y0+zLoUwwkzBZ4hX+bjVyTXcHleKqe5Fq6CPcQTRMGrQQ==
  dependencies:
    "@candlelib/conflagrate" "*"
    "@candlelib/js" "*"
    "@candlelib/url" "*"
    "@candlelib/wind" "*"
    commander "^5.0.0"
    terser "^4.6.3"

"@candlelib/js@*":
  version "0.3.1"
  resolved "https://registry.yarnpkg.com/@candlelib/js/-/js-0.3.1.tgz#ac8407db285b68194fa7b371907f9068b5b35fac"
  integrity sha512-SmHNhqLSvZgBo8rRi75oY+x2Ezq4QazZd6vZCgkcS2VtHUvTINGVHt4UOMxmV9e1FjiZOTuVDJ+9Rk47wPdQBw==
  dependencies:
    "@candlelib/conflagrate" "*"
    "@candlelib/hydrocarbon" "*"
    "@candlelib/url" "*"
    "@candlelib/wind" "*"

"@candlelib/lantern@*":
  version "0.0.19"
  resolved "https://registry.yarnpkg.com/@candlelib/lantern/-/lantern-0.0.19.tgz#feb7b44938b5718c0e64ed5b67028c53c228a6bc"
  integrity sha512-dc5+53XV7PrTYeOWgwj0F0K6CVV5UO10pIYR7UGwit/RKjWDP7e3QrgTEow752g3yBDtM1gcp+9x0djEL5MEMA==
  dependencies:
    "@candlelib/candle" "*"
    "@candlelib/conflagrate" "*"
    "@candlelib/css" "*"
    "@candlelib/glow" "*"
    "@candlelib/hydrocarbon" "*"
    "@candlelib/js" "*"
    "@candlelib/spark" "*"
    "@candlelib/url" "*"
    "@candlelib/wick" "*"
    "@candlelib/wind" "*"
    node-watch "^0.6.3"

"@candlelib/spark@*":
  version "0.1.2"
  resolved "https://registry.yarnpkg.com/@candlelib/spark/-/spark-0.1.2.tgz#0beb32b2a2dd4e190d557eeb122599bd2f4f654f"
  integrity sha512-vbq9NGMUdgoK0oMEvl6OSh93ETGZCkf0VVNfUQpgoxN76CTFYA7QvSIuMuzLUjBhXl+/bfFgooJhwqyaCneLxQ==

"@candlelib/taper@^0.0.1":
  version "0.0.1"
  resolved "https://registry.yarnpkg.com/@candlelib/taper/-/taper-0.0.1.tgz#ea787a2b0192bd94216e1c5348648b1d8c929fb4"
  integrity sha512-aNIBiLlCFFjbEtilzbjAWVJLSge6qst5RM2h0DDf8zc6IeYW+1Uz2k/6QQ7Sop6NUyIhyod9OfkQqHmtLYx3NQ==
  dependencies:
    "@candlelib/js" "*"
    "@candlelib/ts" "*"
    "@candlelib/url" "*"
    "@candlelib/paraffin" "*"
    "@candlelib/wick" "*"

"@candlelib/ts@*":
  version "0.0.2-dev"
  resolved "https://registry.yarnpkg.com/@candlelib/ts/-/ts-0.0.2-dev.tgz#f8ca676e6b0ed8b8eb2c8e2bf9a3199b4f45f7f0"
  integrity sha512-KKgORoInyA6eHwqkVMav9qEPpO0MossKCfDRL6GiuwxCQowMpIUCUM93SmaN85icz1ycHKvJ/d6srCUEH0oYNg==
  dependencies:
    "@candlelib/conflagrate" "*"
    "@candlelib/hydrocarbon" "*"
    "@candlelib/js" "*"
    "@candlelib/url" "*"
    "@candlelib/wind" "*"

"@candlelib/url@*":
  version "0.1.5"
  resolved "https://registry.yarnpkg.com/@candlelib/url/-/url-0.1.5.tgz#7576b5333727bd163f9059b1eb05d5060d2cfc63"
  integrity sha512-9clZEfNC0MuVU83Mpns6KUfp+OYKxWDhHTOkZbTIOj3Tl/RzjFhS2jPPwwkpLXtcmJcB/2efxAaqRGdOLJmFbQ==
  dependencies:
    "@candlelib/candle" "*"

"@candlelib/paraffin@*":
  version "0.0.4"
  resolved "https://registry.yarnpkg.com/@candlelib/paraffin/-/wax-0.0.4.tgz#07359a4404f1c96e398f6977b28d4b85761403e4"
  integrity sha512-JCJ27MNld5GWrS6bbndcx7RWhFApSCl0tzYrUFVKsoOAuEYfui+FUXHrECX4fVugd1TRDsmlE1CS6uk6jar5nQ==
  dependencies:
    "@candlelib/conflagrate" "*"
    "@candlelib/hydrocarbon" "*"
    "@candlelib/url" "*"
    "@candlelib/wind" "*"

"@candlelib/wick@*":
  version "0.12.3"
  resolved "https://registry.yarnpkg.com/@candlelib/wick/-/wick-0.12.3.tgz#c6565f573f647128e0090865f76269b2b51ad3b6"
  integrity sha512-pUGQyxDUFX7JXGueIbHxun5p2/IPKt11dGjJ622D6tEonl4ZODg5itXYH5yCE9lntc6vX//+A+Ayoib2iDN+6Q==
  dependencies:
    "@candlelib/conflagrate" "*"
    "@candlelib/css" "*"
    "@candlelib/glow" "*"
    "@candlelib/html" "*"
    "@candlelib/hydrocarbon" "*"
    "@candlelib/js" "*"
    "@candlelib/spark" "*"
    "@candlelib/url" "*"
    "@candlelib/wind" "*"

"@candlelib/wind@*":
  version "0.4.3"
  resolved "https://registry.yarnpkg.com/@candlelib/wind/-/wind-0.4.3.tgz#088716663db61e6db1278e25ca01235dea632801"
  integrity sha512-s8IuwrCMn3Mut+vC1YN9HwNwhyp4qJfrJrhQHhsRZaaHArB1/9X2E4Ho56mS73KaHx7tFSTTWxEIas+9O7MqVQ==

"@types/estree@*":
  version "0.0.44"
  resolved "https://registry.yarnpkg.com/@types/estree/-/estree-0.0.44.tgz#980cc5a29a3ef3bea6ff1f7d021047d7ea575e21"
  integrity sha512-iaIVzr+w2ZJ5HkidlZ3EJM8VTZb2MJLCjw3V+505yVts0gRC4UMvjw0d1HPtGqI/HQC/KdsYtayfzl+AXY2R8g==

"@types/node@*":
  version "14.0.12"
  resolved "https://registry.yarnpkg.com/@types/node/-/node-14.0.12.tgz#9c1d8ffb8084e8936603a6122a7649e40e68e04b"
  integrity sha512-/sjzehvjkkpvLpYtN6/2dv5kg41otMGuHQUt9T2aiAuIfleCQRQHXXzF1eAw/qkZTj5Kcf4JSTf7EIizHocy6Q==

"@types/resolve@0.0.8":
  version "0.0.8"
  resolved "https://registry.yarnpkg.com/@types/resolve/-/resolve-0.0.8.tgz#f26074d238e02659e323ce1a13d041eee280e194"
  integrity sha512-auApPaJf3NPfe18hSoJkp8EbZzer2ISk7o8mCC3M9he/a04+gbMF97NkpD2S8riMGvm4BMRI59/SZQSaLTKpsQ==
  dependencies:
    "@types/node" "*"

acorn@^7.1.0:
  version "7.2.0"
  resolved "https://registry.yarnpkg.com/acorn/-/acorn-7.2.0.tgz#17ea7e40d7c8640ff54a694c889c26f31704effe"
  integrity sha512-apwXVmYVpQ34m/i71vrApRrRKCWQnZZF1+npOD0WV5xZFfwWOmKGQ2RWlfdy9vWITsenisM8M0Qeq8agcFHNiQ==

buffer-from@^1.0.0:
  version "1.1.1"
  resolved "https://registry.yarnpkg.com/buffer-from/-/buffer-from-1.1.1.tgz#32713bc028f75c02fdb710d7c7bcec1f2c6070ef"
  integrity sha512-MQcXEUbCKtEo7bhqEs6560Hyd4XaovZlO/k9V3hjVUF/zwW7KBVdSK4gIt/bzwS9MbR5qob+F5jusZsb0YQK2A==

builtin-modules@^3.1.0:
  version "3.1.0"
  resolved "https://registry.yarnpkg.com/builtin-modules/-/builtin-modules-3.1.0.tgz#aad97c15131eb76b65b50ef208e7584cd76a7484"
  integrity sha512-k0KL0aWZuBt2lrxrcASWDfwOLMnodeQjodT/1SxEQAXsHANgo6ZC/VEaSEHCXt7aSTZ4/4H5LKa+tBXmW7Vtvw==

codemirror@^5.54.0:
  version "5.54.0"
  resolved "https://registry.yarnpkg.com/codemirror/-/codemirror-5.54.0.tgz#82b6adf662b29eeb7b867fe7839d49e25e4a0b38"
  integrity sha512-Pgf3surv4zvw+KaW3doUU7pGjF0BPU8/sj7eglWJjzni46U/DDW8pu3nZY0QgQKUcICDXRkq8jZmq0y6KhxM3Q==

commander@^2.20.0:
  version "2.20.3"
  resolved "https://registry.yarnpkg.com/commander/-/commander-2.20.3.tgz#fd485e84c03eb4881c20722ba48035e8531aeb33"
  integrity sha512-GpVkmM8vF2vQUkj2LvZmD35JxeJOLCwJ9cUkugyk2nuhbv3+mJvpLYYt+0+USMxE+oj+ey/lJEnhZw75x/OMcQ==

commander@^5.0.0:
  version "5.1.0"
  resolved "https://registry.yarnpkg.com/commander/-/commander-5.1.0.tgz#46abbd1652f8e059bddaef99bbdcb2ad9cf179ae"
  integrity sha512-P0CysNDQ7rtVw4QIQtm+MRxV66vKFSvlsQvGYXZWR3qFU0jlMKHZZZgw8e+8DSah4UDKMqnknRDQz+xuQXQ/Zg==

estree-walker@^0.6.0, estree-walker@^0.6.1:
  version "0.6.1"
  resolved "https://registry.yarnpkg.com/estree-walker/-/estree-walker-0.6.1.tgz#53049143f40c6eb918b23671d1fe3219f3a1b362"
  integrity sha512-SqmZANLWS0mnatqbSfRP5g8OXZC12Fgg1IwNtLsyHDzJizORW4khDfjPqJZsemPWBB2uqykUah5YpQ6epsqC/w==

is-module@^1.0.0:
  version "1.0.0"
  resolved "https://registry.yarnpkg.com/is-module/-/is-module-1.0.0.tgz#3258fb69f78c14d5b815d664336b4cffb6441591"
  integrity sha1-Mlj7afeMFNW4FdZkM2tM/7ZEFZE=

magic-string@^0.25.2:
  version "0.25.7"
  resolved "https://registry.yarnpkg.com/magic-string/-/magic-string-0.25.7.tgz#3f497d6fd34c669c6798dcb821f2ef31f5445051"
  integrity sha512-4CrMT5DOHTDk4HYDlzmwu4FVCcIYI8gauveasrdCu2IKIFOJ3f0v/8MDGJCDL9oD2ppz/Av1b0Nj345H9M+XIA==
  dependencies:
    sourcemap-codec "^1.4.4"

node-watch@^0.6.3:
  version "0.6.4"
  resolved "https://registry.yarnpkg.com/node-watch/-/node-watch-0.6.4.tgz#50e564046eb7be15151c25f9c5aac4b5f495c291"
  integrity sha512-cI6CHzivIFESe8djiK3Wh90CtWQBxLwMem8x8S+2GSvCvFgoMuOKVlfJtQ/2v3Afg3wOnHl/+tXotEs8z5vOrg==

paper@^0.12.0:
  version "0.12.8"
  resolved "https://registry.yarnpkg.com/paper/-/paper-0.12.8.tgz#fb8e5f1c565610088cd2cc8a4967ba55d161347c"
  integrity sha512-aFzTOs4UgLPVJaCHkWp4KD9H3e5ibM61h+wNEjN4ZJu+JMLoivm1GKU2PdqL4DL/Ye490cQOIuUmeSz8dVdN6Q==

path-parse@^1.0.6:
  version "1.0.6"
  resolved "https://registry.yarnpkg.com/path-parse/-/path-parse-1.0.6.tgz#d62dbb5679405d72c4737ec58600e9ddcf06d24c"
  integrity sha512-GSmOT2EbHrINBf9SR7CDELwlJ8AENk3Qn7OikK4nFYAu3Ote2+JYNVvkpAEQm3/TLNEJFD/xZJjzyxg3KBWOzw==

resolve@^1.10.0:
  version "1.17.0"
  resolved "https://registry.yarnpkg.com/resolve/-/resolve-1.17.0.tgz#b25941b54968231cc2d1bb76a79cb7f2c0bf8444"
  integrity sha512-ic+7JYiV8Vi2yzQGFWOkiZD5Z9z7O2Zhm9XMaTxdJExKasieFCr+yXZ/WmXsckHiKl12ar0y6XiXDx3m4RHn1w==
  dependencies:
    path-parse "^1.0.6"

rollup-plugin-commonjs@^9.2.0:
  version "9.3.4"
  resolved "https://registry.yarnpkg.com/rollup-plugin-commonjs/-/rollup-plugin-commonjs-9.3.4.tgz#2b3dddbbbded83d45c36ff101cdd29e924fd23bc"
  integrity sha512-DTZOvRoiVIHHLFBCL4pFxOaJt8pagxsVldEXBOn6wl3/V21wVaj17HFfyzTsQUuou3sZL3lEJZVWKPFblJfI6w==
  dependencies:
    estree-walker "^0.6.0"
    magic-string "^0.25.2"
    resolve "^1.10.0"
    rollup-pluginutils "^2.6.0"

rollup-plugin-node-resolve@^4.0.0:
  version "4.2.4"
  resolved "https://registry.yarnpkg.com/rollup-plugin-node-resolve/-/rollup-plugin-node-resolve-4.2.4.tgz#7d370f8d6fd3031006a0032c38262dd9be3c6250"
  integrity sha512-t/64I6l7fZ9BxqD3XlX4ZeO6+5RLKyfpwE2CiPNUKa+GocPlQhf/C208ou8y3AwtNsc6bjSk/8/6y/YAyxCIvw==
  dependencies:
    "@types/resolve" "0.0.8"
    builtin-modules "^3.1.0"
    is-module "^1.0.0"
    resolve "^1.10.0"

rollup-plugin-string@^3.0.0:
  version "3.0.0"
  resolved "https://registry.yarnpkg.com/rollup-plugin-string/-/rollup-plugin-string-3.0.0.tgz#fed2d6301fae1e59eb610957df757ef13fada3f0"
  integrity sha512-vqyzgn9QefAgeKi+Y4A7jETeIAU1zQmS6VotH6bzm/zmUQEnYkpIGRaOBPY41oiWYV4JyBoGAaBjYMYuv+6wVw==
  dependencies:
    rollup-pluginutils "^2.4.1"

rollup-pluginutils@^2.4.1, rollup-pluginutils@^2.6.0:
  version "2.8.2"
  resolved "https://registry.yarnpkg.com/rollup-pluginutils/-/rollup-pluginutils-2.8.2.tgz#72f2af0748b592364dbd3389e600e5a9444a351e"
  integrity sha512-EEp9NhnUkwY8aif6bxgovPHMoMoNr2FulJziTndpt5H9RdwC47GSGuII9XxpSdzVGM0GWrNPHV6ie1LTNJPaLQ==
  dependencies:
    estree-walker "^0.6.1"

rollup@^1.16.2:
  version "1.32.1"
  resolved "https://registry.yarnpkg.com/rollup/-/rollup-1.32.1.tgz#4480e52d9d9e2ae4b46ba0d9ddeaf3163940f9c4"
  integrity sha512-/2HA0Ec70TvQnXdzynFffkjA6XN+1e2pEv/uKS5Ulca40g2L7KuOE3riasHoNVHOsFD5KKZgDsMk1CP3Tw9s+A==
  dependencies:
    "@types/estree" "*"
    "@types/node" "*"
    acorn "^7.1.0"

source-map-support@~0.5.12:
  version "0.5.19"
  resolved "https://registry.yarnpkg.com/source-map-support/-/source-map-support-0.5.19.tgz#a98b62f86dcaf4f67399648c085291ab9e8fed61"
  integrity sha512-Wonm7zOCIJzBGQdB+thsPar0kYuCIzYvxZwlBa87yi/Mdjv7Tip2cyVbLj5o0cFPN4EVkuTwb3GDDyUx2DGnGw==
  dependencies:
    buffer-from "^1.0.0"
    source-map "^0.6.0"

source-map@^0.6.0, source-map@~0.6.1:
  version "0.6.1"
  resolved "https://registry.yarnpkg.com/source-map/-/source-map-0.6.1.tgz#74722af32e9614e9c287a8d0bbde48b5e2f1a263"
  integrity sha512-UjgapumWlbMhkBgzT7Ykc5YXUT46F0iKu8SGXq0bcwP5dz/h0Plj6enJqjz1Zbq2l5WaqYnrVbwWOWMyF3F47g==

sourcemap-codec@^1.4.4:
  version "1.4.8"
  resolved "https://registry.yarnpkg.com/sourcemap-codec/-/sourcemap-codec-1.4.8.tgz#ea804bd94857402e6992d05a38ef1ae35a9ab4c4"
  integrity sha512-9NykojV5Uih4lgo5So5dtw+f0JgJX30KCNI8gwhz2J9A15wD0Ml6tjHKwf6fTSa6fAdVBdZeNOs9eJ71qCk8vA==

terser@^4.6.3:
  version "4.7.0"
  resolved "https://registry.yarnpkg.com/terser/-/terser-4.7.0.tgz#15852cf1a08e3256a80428e865a2fa893ffba006"
  integrity sha512-Lfb0RiZcjRDXCC3OSHJpEkxJ9Qeqs6mp2v4jf2MHfy8vGERmVDuvjXdd/EnP5Deme5F2yBRBymKmKHCBg2echw==
  dependencies:
    commander "^2.20.0"
    source-map "~0.6.1"
    source-map-support "~0.5.12"
